
Microsoft Visual Studio Solution File, Format Version 12.00
# Visual Studio Version 17
VisualStudioVersion = 17.9.34714.143
MinimumVisualStudioVersion = 10.0.40219.1
Project("{9A19103F-16F7-4668-BE54-9A1E7A4F7556}") = "CQRS-WebAPI", "CQRS-WebAPI\CQRS-WebAPI.csproj", "{C5595018-B95C-47C4-9C6D-C5E45173E928}"
EndProject
Project("{9A19103F-16F7-4668-BE54-9A1E7A4F7556}") = "CQRS-Core", "CQRS-Core\CQRS-Core.csproj", "{44C7606B-05E4-4C82-8A17-190FA9296771}"
EndProject
Project("{9A19103F-16F7-4668-BE54-9A1E7A4F7556}") = "CQRS-BLL", "CQRS-BLL\CQRS-BLL.csproj", "{BEF1D744-E140-4DDB-AD4D-5656B63C1950}"
EndProject
Project("{9A19103F-16F7-4668-BE54-9A1E7A4F7556}") = "CQRS-DAL", "CQRS-DAL\CQRS-DAL.csproj", "{15810062-06AE-43A7-96D2-DE6FEE70AB28}"
EndProject
Project("{2150E333-8FDC-42A3-9474-1A3956D46DE8}") = "Solution Items", "Solution Items", "{F799235D-C740-4999-B244-FD9DA82F2DB9}"
	ProjectSection(SolutionItems) = preProject
		docker-compose.yaml = docker-compose.yaml
		Dockerfile = Dockerfile
	EndProjectSection
EndProject
Global
	GlobalSection(SolutionConfigurationPlatforms) = preSolution
		Debug|Any CPU = Debug|Any CPU
		Release|Any CPU = Release|Any CPU
	EndGlobalSection
	GlobalSection(ProjectConfigurationPlatforms) = postSolution
		{C5595018-B95C-47C4-9C6D-C5E45173E928}.Debug|Any CPU.ActiveCfg = Debug|Any CPU
		{C5595018-B95C-47C4-9C6D-C5E45173E928}.Debug|Any CPU.Build.0 = Debug|Any CPU
		{C5595018-B95C-47C4-9C6D-C5E45173E928}.Release|Any CPU.ActiveCfg = Release|Any CPU
		{C5595018-B95C-47C4-9C6D-C5E45173E928}.Release|Any CPU.Build.0 = Release|Any CPU
		{44C7606B-05E4-4C82-8A17-190FA9296771}.Debug|Any CPU.ActiveCfg = Debug|Any CPU
		{44C7606B-05E4-4C82-8A17-190FA9296771}.Debug|Any CPU.Build.0 = Debug|Any CPU
		{44C7606B-05E4-4C82-8A17-190FA9296771}.Release|Any CPU.ActiveCfg = Release|Any CPU
		{44C7606B-05E4-4C82-8A17-190FA9296771}.Release|Any CPU.Build.0 = Release|Any CPU
		{BEF1D744-E140-4DDB-AD4D-5656B63C1950}.Debug|Any CPU.ActiveCfg = Debug|Any CPU
		{BEF1D744-E140-4DDB-AD4D-5656B63C1950}.Debug|Any CPU.Build.0 = Debug|Any CPU
		{BEF1D744-E140-4DDB-AD4D-5656B63C1950}.Release|Any CPU.ActiveCfg = Release|Any CPU
		{BEF1D744-E140-4DDB-AD4D-5656B63C1950}.Release|Any CPU.Build.0 = Release|Any CPU
		{15810062-06AE-43A7-96D2-DE6FEE70AB28}.Debug|Any CPU.ActiveCfg = Debug|Any CPU
		{15810062-06AE-43A7-96D2-DE6FEE70AB28}.Debug|Any CPU.Build.0 = Debug|Any CPU
		{15810062-06AE-43A7-96D2-DE6FEE70AB28}.Release|Any CPU.ActiveCfg = Release|Any CPU
		{15810062-06AE-43A7-96D2-DE6FEE70AB28}.Release|Any CPU.Build.0 = Release|Any CPU
	EndGlobalSection
	GlobalSection(SolutionProperties) = preSolution
		HideSolutionNode = FALSE
	EndGlobalSection
	GlobalSection(ExtensibilityGlobals) = postSolution
		SolutionGuid = {B23CBFAF-818A-4C3B-AC97-48DE1994102C}
	EndGlobalSection
EndGlobal
